
Microsoft Visual Studio Solution File, Format Version 12.00
# Visual Studio Version 17
VisualStudioVersion = 17.8.34330.188
MinimumVisualStudioVersion = 10.0.40219.1
Project("{9A19103F-16F7-4668-BE54-9A1E7A4F7556}") = "RocklogicTransactions", "RocklogicTransactions\RocklogicTransactions.csproj", "{C83127D1-7AA5-4129-8218-64EAB8F61977}"
EndProject
Project("{9A19103F-16F7-4668-BE54-9A1E7A4F7556}") = "RockLogicApi", "RockLogicApi\RockLogicApi.csproj", "{32CF079A-6625-486C-8029-719B577D1D12}"
EndProject
Project("{FAE04EC0-301F-11D3-BF4B-00C04F79EFBC}") = "RocklogicTests", "RocklogicTests\RocklogicTests.csproj", "{1017BDF3-3FB4-4A69-87E8-BC735673A12F}"
EndProject
Global
	GlobalSection(SolutionConfigurationPlatforms) = preSolution
		Debug|Any CPU = Debug|Any CPU
		Release|Any CPU = Release|Any CPU
	EndGlobalSection
	GlobalSection(ProjectConfigurationPlatforms) = postSolution
		{C83127D1-7AA5-4129-8218-64EAB8F61977}.Debug|Any CPU.ActiveCfg = Debug|Any CPU
		{C83127D1-7AA5-4129-8218-64EAB8F61977}.Debug|Any CPU.Build.0 = Debug|Any CPU
		{C83127D1-7AA5-4129-8218-64EAB8F61977}.Release|Any CPU.ActiveCfg = Release|Any CPU
		{C83127D1-7AA5-4129-8218-64EAB8F61977}.Release|Any CPU.Build.0 = Release|Any CPU
		{32CF079A-6625-486C-8029-719B577D1D12}.Debug|Any CPU.ActiveCfg = Debug|Any CPU
		{32CF079A-6625-486C-8029-719B577D1D12}.Debug|Any CPU.Build.0 = Debug|Any CPU
		{32CF079A-6625-486C-8029-719B577D1D12}.Release|Any CPU.ActiveCfg = Release|Any CPU
		{32CF079A-6625-486C-8029-719B577D1D12}.Release|Any CPU.Build.0 = Release|Any CPU
		{1017BDF3-3FB4-4A69-87E8-BC735673A12F}.Debug|Any CPU.ActiveCfg = Debug|Any CPU
		{1017BDF3-3FB4-4A69-87E8-BC735673A12F}.Debug|Any CPU.Build.0 = Debug|Any CPU
		{1017BDF3-3FB4-4A69-87E8-BC735673A12F}.Release|Any CPU.ActiveCfg = Release|Any CPU
		{1017BDF3-3FB4-4A69-87E8-BC735673A12F}.Release|Any CPU.Build.0 = Release|Any CPU
	EndGlobalSection
	GlobalSection(SolutionProperties) = preSolution
		HideSolutionNode = FALSE
	EndGlobalSection
EndGlobal
